
Microsoft Visual Studio Solution File, Format Version 12.00
# Visual Studio Version 17
VisualStudioVersion = 17.0.31912.275
MinimumVisualStudioVersion = 10.0.40219.1
Project("{FAE04EC0-301F-11D3-BF4B-00C04F79EFBC}") = "MainProgram", "MainProgram\MainProgram.csproj", "{CB7DF650-40E3-4F70-B141-BBB3A94CDE2B}"
EndProject
Global
	GlobalSection(SolutionConfigurationPlatforms) = preSolution
		Debug|Any CPU = Debug|Any CPU
		Release|Any CPU = Release|Any CPU
	EndGlobalSection
	GlobalSection(ProjectConfigurationPlatforms) = postSolution
		{CB7DF650-40E3-4F70-B141-BBB3A94CDE2B}.Debug|Any CPU.ActiveCfg = Debug|Any CPU
		{CB7DF650-40E3-4F70-B141-BBB3A94CDE2B}.Debug|Any CPU.Build.0 = Debug|Any CPU
		{CB7DF650-40E3-4F70-B141-BBB3A94CDE2B}.Release|Any CPU.ActiveCfg = Release|Any CPU
		{CB7DF650-40E3-4F70-B141-BBB3A94CDE2B}.Release|Any CPU.Build.0 = Release|Any CPU
	EndGlobalSection
	GlobalSection(SolutionProperties) = preSolution
		HideSolutionNode = FALSE
	EndGlobalSection
	GlobalSection(ExtensibilityGlobals) = postSolution
		SolutionGuid = {EB319E2E-B853-46C6-826E-F3BAF8767E4D}
	EndGlobalSection
EndGlobal
